PODS:
  - Alamofire (4.9.1)
  - AlamofireImage (3.6.0):
    - Alamofire (~> 4.9)
  - ALCameraViewController (3.1)
  - CoreStore (5.3.1)
  - Disk (0.4.0)
  - IQKeyboardManagerSwift (6.3.0)
  - JGProgressHUD (2.1)
  - QRCodeReader.swift (10.1.0)
  - RxAlamofire (5.1.0):
    - RxAlamofire/Core (= 5.1.0)
  - RxAlamofire/Core (5.1.0):
    - Alamofire (~> 4.8)
    - RxSwift (~> 5.0)
  - RxCocoa (5.1.1):
    - RxRelay (~> 5)
    - RxSwift (~> 5)
  - RxRelay (5.1.1):
    - RxSwift (~> 5)
  - RxSwift (5.1.1)
  - SQLite.swift (0.11.6):
    - SQLite.swift/standard (= 0.11.6)
  - SQLite.swift/standard (0.11.6)
  - SwiftEventBus (3.0.1)
  - TDBadgedCell (5.6.0)
  - Toast-Swift (5.0.1)
  - XLPagerTabStrip (9.0.0)

DEPENDENCIES:
  - AlamofireImage (~> 3.5)
  - ALCameraViewController
  - CoreStore (~> 5.0)
  - Disk (~> 0.4.0)
  - IQKeyboardManagerSwift (= 6.3.0)
  - JGProgressHUD
  - QRCodeReader.swift (~> 10.1.0)
  - RxAlamofire
  - RxCocoa (~> 5.0)
  - RxSwift (~> 5.0)
  - SQLite.swift (~> 0.11.4)
  - SwiftEventBus (from `https://github.com/cesarferreira/SwiftEventBus.git`, tag `3.0.1`)
  - TDBadgedCell (~> 5.5)
  - Toast-Swift (~> 5.0.1)
  - XLPagerTabStrip (~> 9.0)

SPEC REPOS:
  trunk:
    - Alamofire
    - AlamofireImage
    - ALCameraViewController
    - CoreStore
    - Disk
    - IQKeyboardManagerSwift
    - JGProgressHUD
    - QRCodeReader.swift
    - RxAlamofire
    - RxCocoa
    - RxRelay
    - RxSwift
    - SQLite.swift
    - TDBadgedCell
    - Toast-Swift
    - XLPagerTabStrip

EXTERNAL SOURCES:
  SwiftEventBus:
    :git: https://github.com/cesarferreira/SwiftEventBus.git
    :tag: 3.0.1

CHECKOUT OPTIONS:
  SwiftEventBus:
    :git: https://github.com/cesarferreira/SwiftEventBus.git
    :tag: 3.0.1

SPEC CHECKSUMS:
  Alamofire: 85e8a02c69d6020a0d734f6054870d7ecb75cf18
  AlamofireImage: be9963c6582d68b39e89191f64c82a7d7bf40fdd
  ALCameraViewController: 144dea45fd749a623aafd8cb7b10cea88499fcc3
  CoreStore: 89d0c8e7a9d76d0c533018b4850245c973f4ecbd
  Disk: ef2956657d5bb56034b38b29b352170165226440
  IQKeyboardManagerSwift: a8228c257614af98743b4cd8584637025f36358f
  JGProgressHUD: aa403e9a5b45cae98903c4600cccdd98c0c3ec90
  QRCodeReader.swift: 373a389fe9a22d513c879a32a6f647c58f4ef572
  RxAlamofire: a2d7621de4c23a0c6e7b476b504acc32838ee341
  RxCocoa: 32065309a38d29b5b0db858819b5bf9ef038b601
  RxRelay: d77f7d771495f43c556cbc43eebd1bb54d01e8e9
  RxSwift: 81470a2074fa8780320ea5fe4102807cb7118178
  SQLite.swift: 46d890be8601964454bd3392527f863d1b802d45
  SwiftEventBus: 87ccaeceff91b748775e37751ae3a81ec815b3d5
  TDBadgedCell: 50beb1c113bad0422b4d4ed27bb54e128936ec6d
  Toast-Swift: 9b6a70f28b3bf0b96c40d46c0c4b9d6639846711
  XLPagerTabStrip: 61c57fd61f611ee5f01ff1495ad6fbee8bf496c5

PODFILE CHECKSUM: a99c01c09768097c1a362a396b59dc2c040cc1c4

COCOAPODS: 1.8.4
