PODS:
  - Alamofire (4.8.0)
  - AlamofireImage (3.5.0):
    - Alamofire (~> 4.8)
  - ALCameraViewController (3.0.2)
  - CoreStore (5.3.1)
  - Disk (0.4.0)
  - IQKeyboardManagerSwift (5.0.7)
  - JGProgressHUD (2.0.3)
  - QRCodeReader.swift (8.0.4)
  - RxAlamofire (4.2.0):
    - RxAlamofire/Core (= 4.2.0)
  - RxAlamofire/Core (4.2.0):
    - Alamofire (~> 4.5)
    - RxSwift (~> 4)
  - RxCocoa (4.1.1):
    - RxSwift (~> 4.0)
  - RxSwift (4.1.1)
  - SQLite.swift (0.11.4):
    - SQLite.swift/standard (= 0.11.4)
  - SQLite.swift/standard (0.11.4)
  - SwiftEventBus (3.0.1)
  - TDBadgedCell (5.5.1)
  - Toast-Swift (3.0.1)
  - XLPagerTabStrip (8.0.0)

DEPENDENCIES:
  - Alamofire (~> 4.8)
  - AlamofireImage (~> 3.5)
  - ALCameraViewController
  - CoreStore (~> 5.0)
  - Disk (~> 0.4.0)
  - IQKeyboardManagerSwift
  - JGProgressHUD
  - QRCodeReader.swift (~> 8.0.3)
  - RxAlamofire (~> 4.2.0)
  - RxCocoa (~> 4.0)
  - RxSwift (~> 4.0)
  - SQLite.swift (~> 0.11.4)
  - SwiftEventBus (from `https://github.com/cesarferreira/SwiftEventBus.git`, tag `3.0.1`)
  - TDBadgedCell (~> 5.5)
  - Toast-Swift (~> 3.0.1)
  - XLPagerTabStrip (~> 8.0)

SPEC REPOS:
  https://github.com/cocoapods/specs.git:
    - Alamofire
    - AlamofireImage
    - ALCameraViewController
    - CoreStore
    - Disk
    - IQKeyboardManagerSwift
    - JGProgressHUD
    - QRCodeReader.swift
    - RxAlamofire
    - RxCocoa
    - RxSwift
    - SQLite.swift
    - TDBadgedCell
    - Toast-Swift
    - XLPagerTabStrip

EXTERNAL SOURCES:
  SwiftEventBus:
    :git: https://github.com/cesarferreira/SwiftEventBus.git
    :tag: 3.0.1

CHECKOUT OPTIONS:
  SwiftEventBus:
    :git: https://github.com/cesarferreira/SwiftEventBus.git
    :tag: 3.0.1

SPEC CHECKSUMS:
  Alamofire: 3ec537f71edc9804815215393ae2b1a8ea33a844
  AlamofireImage: 1aea346f4dda2f6c67622fa5a89fcbb80d79cc16
  ALCameraViewController: 1edce3497633f0df138523645ed1228961ee2eab
  CoreStore: 89d0c8e7a9d76d0c533018b4850245c973f4ecbd
  Disk: ef2956657d5bb56034b38b29b352170165226440
  IQKeyboardManagerSwift: 30fb3a61de1af53a95e02b80fb54ed0a19d5ede5
  JGProgressHUD: 12b20a8f4ffe05258f8635c1ab92816e451f904d
  QRCodeReader.swift: 9730cfa7ed5f0dd839765df8cf18d41db20e4081
  RxAlamofire: 87a9c588541210cc3e4a1f843ccc3ecf3eb98b31
  RxCocoa: fd0862fd2df95fa55562ad28ffd2522c25eb4a85
  RxSwift: c6e3b1c7b325c7d121cd4327e9d98b7ed746b570
  SQLite.swift: 3e3bee21da701b5b9f87c4a672cb54f233505692
  SwiftEventBus: 87ccaeceff91b748775e37751ae3a81ec815b3d5
  TDBadgedCell: 9c651089021510d197f4d2b4892e7ad1f84ff378
  Toast-Swift: ba0b01b095aada709d915f9beb1d38184a2721c3
  XLPagerTabStrip: d1ab378af0923320ec0b5eab11d7b2f803d31261

PODFILE CHECKSUM: d0b6926b773c1e8a902653200ec377e596d98e4a

COCOAPODS: 1.5.3
