PODS:
  - Alamofire (4.7.3)
  - ALCameraViewController (3.0.2)
  - IQKeyboardManagerSwift (5.0.7)
  - JGProgressHUD (2.0.3)
  - QRCodeReader.swift (8.0.4)
  - RxAlamofire (4.2.0):
    - RxAlamofire/Core (= 4.2.0)
  - RxAlamofire/Core (4.2.0):
    - Alamofire (~> 4.5)
    - RxSwift (~> 4)
  - RxCocoa (4.1.1):
    - RxSwift (~> 4.0)
  - RxSwift (4.1.1)
  - SQLite.swift (0.11.4):
    - SQLite.swift/standard (= 0.11.4)
  - SQLite.swift/standard (0.11.4)
  - SwiftEventBus (3.0.1)
  - Toast-Swift (3.0.1)
  - XLPagerTabStrip (8.0.0)

DEPENDENCIES:
  - Alamofire (~> 4.5)
  - ALCameraViewController
  - IQKeyboardManagerSwift
  - JGProgressHUD
  - QRCodeReader.swift (~> 8.0.3)
  - RxAlamofire (~> 4.2.0)
  - RxCocoa (~> 4.0)
  - RxSwift (~> 4.0)
  - SQLite.swift (~> 0.11.4)
  - SwiftEventBus (from `https://github.com/cesarferreira/SwiftEventBus.git`, tag `3.0.1`)
  - Toast-Swift (~> 3.0.1)
  - XLPagerTabStrip (~> 8.0)

SPEC REPOS:
  https://github.com/cocoapods/specs.git:
    - Alamofire
    - ALCameraViewController
    - IQKeyboardManagerSwift
    - JGProgressHUD
    - QRCodeReader.swift
    - RxAlamofire
    - RxCocoa
    - RxSwift
    - SQLite.swift
    - Toast-Swift
    - XLPagerTabStrip

EXTERNAL SOURCES:
  SwiftEventBus:
    :git: https://github.com/cesarferreira/SwiftEventBus.git
    :tag: 3.0.1

CHECKOUT OPTIONS:
  SwiftEventBus:
    :git: https://github.com/cesarferreira/SwiftEventBus.git
    :tag: 3.0.1

SPEC CHECKSUMS:
  Alamofire: c7287b6e5d7da964a70935e5db17046b7fde6568
  ALCameraViewController: 1edce3497633f0df138523645ed1228961ee2eab
  IQKeyboardManagerSwift: 30fb3a61de1af53a95e02b80fb54ed0a19d5ede5
  JGProgressHUD: 12b20a8f4ffe05258f8635c1ab92816e451f904d
  QRCodeReader.swift: 9730cfa7ed5f0dd839765df8cf18d41db20e4081
  RxAlamofire: 87a9c588541210cc3e4a1f843ccc3ecf3eb98b31
  RxCocoa: fd0862fd2df95fa55562ad28ffd2522c25eb4a85
  RxSwift: c6e3b1c7b325c7d121cd4327e9d98b7ed746b570
  SQLite.swift: 3e3bee21da701b5b9f87c4a672cb54f233505692
  SwiftEventBus: 87ccaeceff91b748775e37751ae3a81ec815b3d5
  Toast-Swift: ba0b01b095aada709d915f9beb1d38184a2721c3
  XLPagerTabStrip: d1ab378af0923320ec0b5eab11d7b2f803d31261

PODFILE CHECKSUM: 6962520f8c45fc5c5d24fc1dc73e24348630bb37

COCOAPODS: 1.5.3
